
Microsoft Visual Studio Solution File, Format Version 12.00
# Visual Studio Version 17
VisualStudioVersion = 17.14.36301.6 d17.14
MinimumVisualStudioVersion = 10.0.40219.1
Project("{FAE04EC0-301F-11D3-BF4B-00C04F79EFBC}") = "TaskD", "TaskD.csproj", "{F6B32F04-3D25-49F6-AB6F-80863A2EF3AB}"
EndProject
Global
	GlobalSection(SolutionConfigurationPlatforms) = preSolution
		Debug|Any CPU = Debug|Any CPU
		Release|Any CPU = Release|Any CPU
	EndGlobalSection
	GlobalSection(ProjectConfigurationPlatforms) = postSolution
		{F6B32F04-3D25-49F6-AB6F-80863A2EF3AB}.Debug|Any CPU.ActiveCfg = Debug|Any CPU
		{F6B32F04-3D25-49F6-AB6F-80863A2EF3AB}.Debug|Any CPU.Build.0 = Debug|Any CPU
		{F6B32F04-3D25-49F6-AB6F-80863A2EF3AB}.Release|Any CPU.ActiveCfg = Release|Any CPU
		{F6B32F04-3D25-49F6-AB6F-80863A2EF3AB}.Release|Any CPU.Build.0 = Release|Any CPU
	EndGlobalSection
	GlobalSection(SolutionProperties) = preSolution
		HideSolutionNode = FALSE
	EndGlobalSection
	GlobalSection(ExtensibilityGlobals) = postSolution
		SolutionGuid = {4EF69DAA-9447-42FE-8F08-6EC9A36D0195}
	EndGlobalSection
EndGlobal
